
Microsoft Visual Studio Solution File, Format Version 12.00
# Visual Studio 14
VisualStudioVersion = 14.0.23107.0
MinimumVisualStudioVersion = 10.0.40219.1
Project("{FAE04EC0-301F-11D3-BF4B-00C04F79EFBC}") = "Kindred - YinYang", "Kindred - YinYang.csproj", "{1ABF44D6-944B-45E4-9190-BAA3A30242BB}"
EndProject
Global
	GlobalSection(SolutionConfigurationPlatforms) = preSolution
		Debug|Any CPU = Debug|Any CPU
		Release|Any CPU = Release|Any CPU
	EndGlobalSection
	GlobalSection(ProjectConfigurationPlatforms) = postSolution
		{1ABF44D6-944B-45E4-9190-BAA3A30242BB}.Debug|Any CPU.ActiveCfg = Debug|Any CPU
		{1ABF44D6-944B-45E4-9190-BAA3A30242BB}.Debug|Any CPU.Build.0 = Debug|Any CPU
		{1ABF44D6-944B-45E4-9190-BAA3A30242BB}.Release|Any CPU.ActiveCfg = Release|Any CPU
		{1ABF44D6-944B-45E4-9190-BAA3A30242BB}.Release|Any CPU.Build.0 = Release|Any CPU
	EndGlobalSection
	GlobalSection(SolutionProperties) = preSolution
		HideSolutionNode = FALSE
	EndGlobalSection
EndGlobal
